// !$*UTF8*$!
{
	archiveVersion = 1;
	classes = {
	};
	objectVersion = 51;
	objects = {

/* Begin PBXBuildFile section */
		4B1384AE23D9B563000FAE8A /* ViewController.xib in Resources */ = {isa = PBXBuildFile; fileRef = 4B1384AD23D9B563000FAE8A /* ViewController.xib */; };
		4B1384B023D9B5C0000FAE8A /* ResultViewController.xib in Resources */ = {isa = PBXBuildFile; fileRef = 4B1384AF23D9B5C0000FAE8A /* ResultViewController.xib */; };
		4B58C5C523F0F33D0083D21A /* WorkArchitectureSpec.swift in Sources */ = {isa = PBXBuildFile; fileRef = 4B58C5C423F0F33D0083D21A /* WorkArchitectureSpec.swift */; };
		4B58C5C823F0F5C00083D21A /* ColorCodeValidateInteractorSpec.swift in Sources */ = {isa = PBXBuildFile; fileRef = 4B58C5C723F0F5C00083D21A /* ColorCodeValidateInteractorSpec.swift */; };
		4B5B9E2523DC7A0E00F51068 /* AppError.swift in Sources */ = {isa = PBXBuildFile; fileRef = 4B5B9E2423DC7A0E00F51068 /* AppError.swift */; };
		4B5B9E2823DC8CD600F51068 /* ResultViewModel.swift in Sources */ = {isa = PBXBuildFile; fileRef = 4B5B9E2723DC8CD600F51068 /* ResultViewModel.swift */; };
		4B5B9E2A23E127A600F51068 /* ColorCodeValidateInteractor.swift in Sources */ = {isa = PBXBuildFile; fileRef = 4B5B9E2923E127A600F51068 /* ColorCodeValidateInteractor.swift */; };
		4B9CC2EC23F10EF200E53DC5 /* ContrastCheckInteractorSpec.swift in Sources */ = {isa = PBXBuildFile; fileRef = 4B9CC2EB23F10EF200E53DC5 /* ContrastCheckInteractorSpec.swift */; };
		4BADF64423D67728007A21E6 /* ViewPresenter.swift in Sources */ = {isa = PBXBuildFile; fileRef = 4BADF64323D67728007A21E6 /* ViewPresenter.swift */; };
		4BADF64923D67750007A21E6 /* ContrastCheckInteractor.swift in Sources */ = {isa = PBXBuildFile; fileRef = 4BADF64823D67750007A21E6 /* ContrastCheckInteractor.swift */; };
		4BADF64C23D67774007A21E6 /* ContrastCheckRepository.swift in Sources */ = {isa = PBXBuildFile; fileRef = 4BADF64B23D67774007A21E6 /* ContrastCheckRepository.swift */; };
		4BADF65223D6783F007A21E6 /* Router.swift in Sources */ = {isa = PBXBuildFile; fileRef = 4BADF65123D6783F007A21E6 /* Router.swift */; };
		4BADF65523D67ED7007A21E6 /* ContrastCheckDataModel.swift in Sources */ = {isa = PBXBuildFile; fileRef = 4BADF65423D67ED7007A21E6 /* ContrastCheckDataModel.swift */; };
		4BBABE3F23D67292008AA000 /* AppDelegate.swift in Sources */ = {isa = PBXBuildFile; fileRef = 4BBABE3E23D67292008AA000 /* AppDelegate.swift */; };
		4BBABE4123D67292008AA000 /* SceneDelegate.swift in Sources */ = {isa = PBXBuildFile; fileRef = 4BBABE4023D67292008AA000 /* SceneDelegate.swift */; };
		4BBABE4323D67292008AA000 /* ViewController.swift in Sources */ = {isa = PBXBuildFile; fileRef = 4BBABE4223D67292008AA000 /* ViewController.swift */; };
		4BBABE4823D67293008AA000 /* Assets.xcassets in Resources */ = {isa = PBXBuildFile; fileRef = 4BBABE4723D67293008AA000 /* Assets.xcassets */; };
		4BBABE4B23D67293008AA000 /* LaunchScreen.storyboard in Resources */ = {isa = PBXBuildFile; fileRef = 4BBABE4923D67293008AA000 /* LaunchScreen.storyboard */; };
		4BBABE5623D67293008AA000 /* WorkArchitectureTests.swift in Sources */ = {isa = PBXBuildFile; fileRef = 4BBABE5523D67293008AA000 /* WorkArchitectureTests.swift */; };
		4BBABE6123D674BB008AA000 /* ResultViewController.swift in Sources */ = {isa = PBXBuildFile; fileRef = 4BBABE6023D674BB008AA000 /* ResultViewController.swift */; };
		4BC9B81A23DA734700BE0F99 /* DIContainer.swift in Sources */ = {isa = PBXBuildFile; fileRef = 4BC9B81923DA734700BE0F99 /* DIContainer.swift */; };
		4BC9B81E23DACBFD00BE0F99 /* ContrastCheckDomainModel.swift in Sources */ = {isa = PBXBuildFile; fileRef = 4BC9B81D23DACBFD00BE0F99 /* ContrastCheckDomainModel.swift */; };
		4BCADAA323D74CF0000ED1F3 /* ResultRouter.swift in Sources */ = {isa = PBXBuildFile; fileRef = 4BCADAA223D74CF0000ED1F3 /* ResultRouter.swift */; };
		4BCADAA523D74E53000ED1F3 /* ResultViewPresenter.swift in Sources */ = {isa = PBXBuildFile; fileRef = 4BCADAA423D74E53000ED1F3 /* ResultViewPresenter.swift */; };
		5C62BE124FD1BC530681555E /* Pods_WorkArchitecture.framework in Frameworks */ = {isa = PBXBuildFile; fileRef = 02DD8CC74B100D2DAF9CA975 /* Pods_WorkArchitecture.framework */; };
		B2AEF78E1E99D113EE9FA785 /* Pods_WorkArchitectureTests.framework in Frameworks */ = {isa = PBXBuildFile; fileRef = 84D897DCE4FEEEDECCE2A583 /* Pods_WorkArchitectureTests.framework */; };
/* End PBXBuildFile section */

/* Begin PBXContainerItemProxy section */
		4BBABE5223D67293008AA000 /* PBXContainerItemProxy */ = {
			isa = PBXContainerItemProxy;
			containerPortal = 4BBABE3323D67292008AA000 /* Project object */;
			proxyType = 1;
			remoteGlobalIDString = 4BBABE3A23D67292008AA000;
			remoteInfo = WorkArchitecture;
		};
/* End PBXContainerItemProxy section */

/* Begin PBXFileReference section */
		02DD8CC74B100D2DAF9CA975 /* Pods_WorkArchitecture.framework */ = {isa = PBXFileReference; explicitFileType = wrapper.framework; includeInIndex = 0; path = Pods_WorkArchitecture.framework; sourceTree = BUILT_PRODUCTS_DIR; };
		28AE640DD1F04589F8D8C8F4 /* Pods-WorkArchitecture.debug.xcconfig */ = {isa = PBXFileReference; includeInIndex = 1; lastKnownFileType = text.xcconfig; name = "Pods-WorkArchitecture.debug.xcconfig"; path = "Target Support Files/Pods-WorkArchitecture/Pods-WorkArchitecture.debug.xcconfig"; sourceTree = "<group>"; };
		43C42AE94A20F33FC0B2ED15 /* Pods-WorkArchitecture.release.xcconfig */ = {isa = PBXFileReference; includeInIndex = 1; lastKnownFileType = text.xcconfig; name = "Pods-WorkArchitecture.release.xcconfig"; path = "Target Support Files/Pods-WorkArchitecture/Pods-WorkArchitecture.release.xcconfig"; sourceTree = "<group>"; };
		4B1384AD23D9B563000FAE8A /* ViewController.xib */ = {isa = PBXFileReference; lastKnownFileType = file.xib; path = ViewController.xib; sourceTree = "<group>"; };
		4B1384AF23D9B5C0000FAE8A /* ResultViewController.xib */ = {isa = PBXFileReference; lastKnownFileType = file.xib; path = ResultViewController.xib; sourceTree = "<group>"; };
		4B58C5C423F0F33D0083D21A /* WorkArchitectureSpec.swift */ = {isa = PBXFileReference; fileEncoding = 4; lastKnownFileType = sourcecode.swift; path = WorkArchitectureSpec.swift; sourceTree = "<group>"; };
		4B58C5C723F0F5C00083D21A /* ColorCodeValidateInteractorSpec.swift */ = {isa = PBXFileReference; fileEncoding = 4; lastKnownFileType = sourcecode.swift; path = ColorCodeValidateInteractorSpec.swift; sourceTree = "<group>"; };
		4B5B9E2423DC7A0E00F51068 /* AppError.swift */ = {isa = PBXFileReference; lastKnownFileType = sourcecode.swift; path = AppError.swift; sourceTree = "<group>"; };
		4B5B9E2723DC8CD600F51068 /* ResultViewModel.swift */ = {isa = PBXFileReference; lastKnownFileType = sourcecode.swift; path = ResultViewModel.swift; sourceTree = "<group>"; };
		4B5B9E2923E127A600F51068 /* ColorCodeValidateInteractor.swift */ = {isa = PBXFileReference; lastKnownFileType = sourcecode.swift; path = ColorCodeValidateInteractor.swift; sourceTree = "<group>"; };
		4B9CC2EB23F10EF200E53DC5 /* ContrastCheckInteractorSpec.swift */ = {isa = PBXFileReference; fileEncoding = 4; lastKnownFileType = sourcecode.swift; path = ContrastCheckInteractorSpec.swift; sourceTree = "<group>"; };
		4BADF64323D67728007A21E6 /* ViewPresenter.swift */ = {isa = PBXFileReference; lastKnownFileType = sourcecode.swift; path = ViewPresenter.swift; sourceTree = "<group>"; };
		4BADF64823D67750007A21E6 /* ContrastCheckInteractor.swift */ = {isa = PBXFileReference; lastKnownFileType = sourcecode.swift; path = ContrastCheckInteractor.swift; sourceTree = "<group>"; };
		4BADF64B23D67774007A21E6 /* ContrastCheckRepository.swift */ = {isa = PBXFileReference; lastKnownFileType = sourcecode.swift; path = ContrastCheckRepository.swift; sourceTree = "<group>"; };
		4BADF65123D6783F007A21E6 /* Router.swift */ = {isa = PBXFileReference; lastKnownFileType = sourcecode.swift; path = Router.swift; sourceTree = "<group>"; };
		4BADF65423D67ED7007A21E6 /* ContrastCheckDataModel.swift */ = {isa = PBXFileReference; lastKnownFileType = sourcecode.swift; path = ContrastCheckDataModel.swift; sourceTree = "<group>"; };
		4BBABE3B23D67292008AA000 /* WorkArchitecture.app */ = {isa = PBXFileReference; explicitFileType = wrapper.application; includeInIndex = 0; path = WorkArchitecture.app; sourceTree = BUILT_PRODUCTS_DIR; };
		4BBABE3E23D67292008AA000 /* AppDelegate.swift */ = {isa = PBXFileReference; lastKnownFileType = sourcecode.swift; path = AppDelegate.swift; sourceTree = "<group>"; };
		4BBABE4023D67292008AA000 /* SceneDelegate.swift */ = {isa = PBXFileReference; lastKnownFileType = sourcecode.swift; path = SceneDelegate.swift; sourceTree = "<group>"; };
		4BBABE4223D67292008AA000 /* ViewController.swift */ = {isa = PBXFileReference; lastKnownFileType = sourcecode.swift; path = ViewController.swift; sourceTree = "<group>"; };
		4BBABE4723D67293008AA000 /* Assets.xcassets */ = {isa = PBXFileReference; lastKnownFileType = folder.assetcatalog; path = Assets.xcassets; sourceTree = "<group>"; };
		4BBABE4A23D67293008AA000 /* Base */ = {isa = PBXFileReference; lastKnownFileType = file.storyboard; name = Base; path = Base.lproj/LaunchScreen.storyboard; sourceTree = "<group>"; };
		4BBABE4C23D67293008AA000 /* Info.plist */ = {isa = PBXFileReference; lastKnownFileType = text.plist.xml; path = Info.plist; sourceTree = "<group>"; };
		4BBABE5123D67293008AA000 /* WorkArchitectureTests.xctest */ = {isa = PBXFileReference; explicitFileType = wrapper.cfbundle; includeInIndex = 0; path = WorkArchitectureTests.xctest; sourceTree = BUILT_PRODUCTS_DIR; };
		4BBABE5523D67293008AA000 /* WorkArchitectureTests.swift */ = {isa = PBXFileReference; lastKnownFileType = sourcecode.swift; path = WorkArchitectureTests.swift; sourceTree = "<group>"; };
		4BBABE5723D67293008AA000 /* Info.plist */ = {isa = PBXFileReference; lastKnownFileType = text.plist.xml; path = Info.plist; sourceTree = "<group>"; };
		4BBABE6023D674BB008AA000 /* ResultViewController.swift */ = {isa = PBXFileReference; lastKnownFileType = sourcecode.swift; path = ResultViewController.swift; sourceTree = "<group>"; };
		4BC9B81923DA734700BE0F99 /* DIContainer.swift */ = {isa = PBXFileReference; lastKnownFileType = sourcecode.swift; path = DIContainer.swift; sourceTree = "<group>"; };
		4BC9B81D23DACBFD00BE0F99 /* ContrastCheckDomainModel.swift */ = {isa = PBXFileReference; lastKnownFileType = sourcecode.swift; path = ContrastCheckDomainModel.swift; sourceTree = "<group>"; };
		4BCADAA223D74CF0000ED1F3 /* ResultRouter.swift */ = {isa = PBXFileReference; lastKnownFileType = sourcecode.swift; path = ResultRouter.swift; sourceTree = "<group>"; };
		4BCADAA423D74E53000ED1F3 /* ResultViewPresenter.swift */ = {isa = PBXFileReference; lastKnownFileType = sourcecode.swift; path = ResultViewPresenter.swift; sourceTree = "<group>"; };
		6E5505678B93C80F3736B672 /* Pods-WorkArchitectureTests.release.xcconfig */ = {isa = PBXFileReference; includeInIndex = 1; lastKnownFileType = text.xcconfig; name = "Pods-WorkArchitectureTests.release.xcconfig"; path = "Target Support Files/Pods-WorkArchitectureTests/Pods-WorkArchitectureTests.release.xcconfig"; sourceTree = "<group>"; };
		84D897DCE4FEEEDECCE2A583 /* Pods_WorkArchitectureTests.framework */ = {isa = PBXFileReference; explicitFileType = wrapper.framework; includeInIndex = 0; path = Pods_WorkArchitectureTests.framework; sourceTree = BUILT_PRODUCTS_DIR; };
		AC3A8ACC021B3F7064403038 /* Pods-WorkArchitectureTests.debug.xcconfig */ = {isa = PBXFileReference; includeInIndex = 1; lastKnownFileType = text.xcconfig; name = "Pods-WorkArchitectureTests.debug.xcconfig"; path = "Target Support Files/Pods-WorkArchitectureTests/Pods-WorkArchitectureTests.debug.xcconfig"; sourceTree = "<group>"; };
/* End PBXFileReference section */

/* Begin PBXFrameworksBuildPhase section */
		4BBABE3823D67292008AA000 /* Frameworks */ = {
			isa = PBXFrameworksBuildPhase;
			buildActionMask = 2147483647;
			files = (
				5C62BE124FD1BC530681555E /* Pods_WorkArchitecture.framework in Frameworks */,
			);
			runOnlyForDeploymentPostprocessing = 0;
		};
		4BBABE4E23D67293008AA000 /* Frameworks */ = {
			isa = PBXFrameworksBuildPhase;
			buildActionMask = 2147483647;
			files = (
				B2AEF78E1E99D113EE9FA785 /* Pods_WorkArchitectureTests.framework in Frameworks */,
			);
			runOnlyForDeploymentPostprocessing = 0;
		};
/* End PBXFrameworksBuildPhase section */

/* Begin PBXGroup section */
		4B1B143023F0E40A0057B080 /* Result */ = {
			isa = PBXGroup;
			children = (
				4BBABE6023D674BB008AA000 /* ResultViewController.swift */,
				4B1384AF23D9B5C0000FAE8A /* ResultViewController.xib */,
				4BCADAA423D74E53000ED1F3 /* ResultViewPresenter.swift */,
				4BCADAA223D74CF0000ED1F3 /* ResultRouter.swift */,
				4B5B9E2723DC8CD600F51068 /* ResultViewModel.swift */,
			);
			path = Result;
			sourceTree = "<group>";
		};
		4B1B143123F0E40E0057B080 /* Input */ = {
			isa = PBXGroup;
			children = (
				4BBABE4223D67292008AA000 /* ViewController.swift */,
				4B1384AD23D9B563000FAE8A /* ViewController.xib */,
				4BADF64323D67728007A21E6 /* ViewPresenter.swift */,
				4BADF65123D6783F007A21E6 /* Router.swift */,
			);
			path = Input;
			sourceTree = "<group>";
		};
		4B1B143223F0E4310057B080 /* ContrastCheck */ = {
			isa = PBXGroup;
			children = (
				4BADF64823D67750007A21E6 /* ContrastCheckInteractor.swift */,
				4BC9B81D23DACBFD00BE0F99 /* ContrastCheckDomainModel.swift */,
			);
			path = ContrastCheck;
			sourceTree = "<group>";
		};
		4B1B143323F0E4440057B080 /* ColorCodeValidate */ = {
			isa = PBXGroup;
			children = (
				4B5B9E2923E127A600F51068 /* ColorCodeValidateInteractor.swift */,
			);
			path = ColorCodeValidate;
			sourceTree = "<group>";
		};
		4B1B143423F0E45D0057B080 /* ContrastCheck */ = {
			isa = PBXGroup;
			children = (
				4BADF64B23D67774007A21E6 /* ContrastCheckRepository.swift */,
				4BADF65423D67ED7007A21E6 /* ContrastCheckDataModel.swift */,
			);
			path = ContrastCheck;
			sourceTree = "<group>";
		};
		4B31350023E4655100558FAB /* VIPER */ = {
			isa = PBXGroup;
			children = (
				4BBABE6223D67532008AA000 /* Presentation */,
				4BADF64523D6773A007A21E6 /* Domain */,
				4BADF64623D6773F007A21E6 /* Data */,
			);
			path = VIPER;
			sourceTree = "<group>";
		};
		4B58C5C623F0F5A50083D21A /* Domain */ = {
			isa = PBXGroup;
			children = (
				4B58C5C723F0F5C00083D21A /* ColorCodeValidateInteractorSpec.swift */,
				4B9CC2EB23F10EF200E53DC5 /* ContrastCheckInteractorSpec.swift */,
			);
			path = Domain;
			sourceTree = "<group>";
		};
		4BADF64523D6773A007A21E6 /* Domain */ = {
			isa = PBXGroup;
			children = (
				4B1B143323F0E4440057B080 /* ColorCodeValidate */,
				4B1B143223F0E4310057B080 /* ContrastCheck */,
			);
			path = Domain;
			sourceTree = "<group>";
		};
		4BADF64623D6773F007A21E6 /* Data */ = {
			isa = PBXGroup;
			children = (
				4B1B143423F0E45D0057B080 /* ContrastCheck */,
			);
			path = Data;
			sourceTree = "<group>";
		};
		4BBABE3223D67292008AA000 = {
			isa = PBXGroup;
			children = (
				4BBABE3D23D67292008AA000 /* WorkArchitecture */,
				4BBABE5423D67293008AA000 /* WorkArchitectureTests */,
				4BBABE3C23D67292008AA000 /* Products */,
				D687F9781AFFAB6BC42D41F6 /* Pods */,
				66A104632C58D012383DE739 /* Frameworks */,
			);
			sourceTree = "<group>";
		};
		4BBABE3C23D67292008AA000 /* Products */ = {
			isa = PBXGroup;
			children = (
				4BBABE3B23D67292008AA000 /* WorkArchitecture.app */,
				4BBABE5123D67293008AA000 /* WorkArchitectureTests.xctest */,
			);
			name = Products;
			sourceTree = "<group>";
		};
		4BBABE3D23D67292008AA000 /* WorkArchitecture */ = {
			isa = PBXGroup;
			children = (
				4B31350023E4655100558FAB /* VIPER */,
				4BC9B81823DA731600BE0F99 /* Application */,
				4BBABE4723D67293008AA000 /* Assets.xcassets */,
				4BBABE4923D67293008AA000 /* LaunchScreen.storyboard */,
				4BBABE4C23D67293008AA000 /* Info.plist */,
			);
			path = WorkArchitecture;
			sourceTree = "<group>";
		};
		4BBABE5423D67293008AA000 /* WorkArchitectureTests */ = {
			isa = PBXGroup;
			children = (
				4B58C5C623F0F5A50083D21A /* Domain */,
				4BBABE5523D67293008AA000 /* WorkArchitectureTests.swift */,
				4B58C5C423F0F33D0083D21A /* WorkArchitectureSpec.swift */,
				4BBABE5723D67293008AA000 /* Info.plist */,
			);
			path = WorkArchitectureTests;
			sourceTree = "<group>";
		};
		4BBABE6223D67532008AA000 /* Presentation */ = {
			isa = PBXGroup;
			children = (
				4B1B143123F0E40E0057B080 /* Input */,
				4B1B143023F0E40A0057B080 /* Result */,
			);
			path = Presentation;
			sourceTree = "<group>";
		};
		4BC9B81823DA731600BE0F99 /* Application */ = {
			isa = PBXGroup;
			children = (
				4BBABE3E23D67292008AA000 /* AppDelegate.swift */,
				4BBABE4023D67292008AA000 /* SceneDelegate.swift */,
				4BC9B81923DA734700BE0F99 /* DIContainer.swift */,
				4B5B9E2423DC7A0E00F51068 /* AppError.swift */,
			);
			path = Application;
			sourceTree = "<group>";
		};
		66A104632C58D012383DE739 /* Frameworks */ = {
			isa = PBXGroup;
			children = (
				02DD8CC74B100D2DAF9CA975 /* Pods_WorkArchitecture.framework */,
				84D897DCE4FEEEDECCE2A583 /* Pods_WorkArchitectureTests.framework */,
			);
			name = Frameworks;
			sourceTree = "<group>";
		};
		D687F9781AFFAB6BC42D41F6 /* Pods */ = {
			isa = PBXGroup;
			children = (
				28AE640DD1F04589F8D8C8F4 /* Pods-WorkArchitecture.debug.xcconfig */,
				43C42AE94A20F33FC0B2ED15 /* Pods-WorkArchitecture.release.xcconfig */,
				AC3A8ACC021B3F7064403038 /* Pods-WorkArchitectureTests.debug.xcconfig */,
				6E5505678B93C80F3736B672 /* Pods-WorkArchitectureTests.release.xcconfig */,
			);
			path = Pods;
			sourceTree = "<group>";
		};
/* End PBXGroup section */

/* Begin PBXNativeTarget section */
		4BBABE3A23D67292008AA000 /* WorkArchitecture */ = {
			isa = PBXNativeTarget;
			buildConfigurationList = 4BBABE5A23D67293008AA000 /* Build configuration list for PBXNativeTarget "WorkArchitecture" */;
			buildPhases = (
				4786FFFA535CCC23ED054AF8 /* [CP] Check Pods Manifest.lock */,
				4BBABE3723D67292008AA000 /* Sources */,
				4BBABE3823D67292008AA000 /* Frameworks */,
				4BBABE3923D67292008AA000 /* Resources */,
				7D373D3F92D7A413E4799459 /* [CP] Embed Pods Frameworks */,
			);
			buildRules = (
			);
			dependencies = (
			);
			name = WorkArchitecture;
			productName = WorkArchitecture;
			productReference = 4BBABE3B23D67292008AA000 /* WorkArchitecture.app */;
			productType = "com.apple.product-type.application";
		};
		4BBABE5023D67293008AA000 /* WorkArchitectureTests */ = {
			isa = PBXNativeTarget;
			buildConfigurationList = 4BBABE5D23D67293008AA000 /* Build configuration list for PBXNativeTarget "WorkArchitectureTests" */;
			buildPhases = (
				21DC34B9C85681C46D781F10 /* [CP] Check Pods Manifest.lock */,
				4BBABE4D23D67293008AA000 /* Sources */,
				4BBABE4E23D67293008AA000 /* Frameworks */,
				4BBABE4F23D67293008AA000 /* Resources */,
				6311634F99A4B47BE23CA2E9 /* [CP] Embed Pods Frameworks */,
			);
			buildRules = (
			);
			dependencies = (
				4BBABE5323D67293008AA000 /* PBXTargetDependency */,
			);
			name = WorkArchitectureTests;
			productName = WorkArchitectureTests;
			productReference = 4BBABE5123D67293008AA000 /* WorkArchitectureTests.xctest */;
			productType = "com.apple.product-type.bundle.unit-test";
		};
/* End PBXNativeTarget section */

/* Begin PBXProject section */
		4BBABE3323D67292008AA000 /* Project object */ = {
			isa = PBXProject;
			attributes = {
				LastSwiftUpdateCheck = 1110;
				LastUpgradeCheck = 1110;
				ORGANIZATIONNAME = zeero;
				TargetAttributes = {
					4BBABE3A23D67292008AA000 = {
						CreatedOnToolsVersion = 11.1;
					};
					4BBABE5023D67293008AA000 = {
						CreatedOnToolsVersion = 11.1;
						TestTargetID = 4BBABE3A23D67292008AA000;
					};
				};
			};
			buildConfigurationList = 4BBABE3623D67292008AA000 /* Build configuration list for PBXProject "WorkArchitecture" */;
			compatibilityVersion = "Xcode 9.3";
			developmentRegion = en;
			hasScannedForEncodings = 0;
			knownRegions = (
				en,
				Base,
			);
			mainGroup = 4BBABE3223D67292008AA000;
			productRefGroup = 4BBABE3C23D67292008AA000 /* Products */;
			projectDirPath = "";
			projectRoot = "";
			targets = (
				4BBABE3A23D67292008AA000 /* WorkArchitecture */,
				4BBABE5023D67293008AA000 /* WorkArchitectureTests */,
			);
		};
/* End PBXProject section */

/* Begin PBXResourcesBuildPhase section */
		4BBABE3923D67292008AA000 /* Resources */ = {
			isa = PBXResourcesBuildPhase;
			buildActionMask = 2147483647;
			files = (
				4BBABE4B23D67293008AA000 /* LaunchScreen.storyboard in Resources */,
				4BBABE4823D67293008AA000 /* Assets.xcassets in Resources */,
				4B1384AE23D9B563000FAE8A /* ViewController.xib in Resources */,
				4B1384B023D9B5C0000FAE8A /* ResultViewController.xib in Resources */,
			);
			runOnlyForDeploymentPostprocessing = 0;
		};
		4BBABE4F23D67293008AA000 /* Resources */ = {
			isa = PBXResourcesBuildPhase;
			buildActionMask = 2147483647;
			files = (
			);
			runOnlyForDeploymentPostprocessing = 0;
		};
/* End PBXResourcesBuildPhase section */

/* Begin PBXShellScriptBuildPhase section */
		21DC34B9C85681C46D781F10 /* [CP] Check Pods Manifest.lock */ = {
			isa = PBXShellScriptBuildPhase;
			buildActionMask = 2147483647;
			files = (
			);
			inputFileListPaths = (
			);
			inputPaths = (
				"${PODS_PODFILE_DIR_PATH}/Podfile.lock",
				"${PODS_ROOT}/Manifest.lock",
			);
			name = "[CP] Check Pods Manifest.lock";
			outputFileListPaths = (
			);
			outputPaths = (
				"$(DERIVED_FILE_DIR)/Pods-WorkArchitectureTests-checkManifestLockResult.txt",
			);
			runOnlyForDeploymentPostprocessing = 0;
			shellPath = /bin/sh;
			shellScript = "diff \"${PODS_PODFILE_DIR_PATH}/Podfile.lock\" \"${PODS_ROOT}/Manifest.lock\" > /dev/null\nif [ $? != 0 ] ; then\n    # print error to STDERR\n    echo \"error: The sandbox is not in sync with the Podfile.lock. Run 'pod install' or update your CocoaPods installation.\" >&2\n    exit 1\nfi\n# This output is used by Xcode 'outputs' to avoid re-running this script phase.\necho \"SUCCESS\" > \"${SCRIPT_OUTPUT_FILE_0}\"\n";
			showEnvVarsInLog = 0;
		};
		4786FFFA535CCC23ED054AF8 /* [CP] Check Pods Manifest.lock */ = {
			isa = PBXShellScriptBuildPhase;
			buildActionMask = 2147483647;
			files = (
			);
			inputFileListPaths = (
			);
			inputPaths = (
				"${PODS_PODFILE_DIR_PATH}/Podfile.lock",
				"${PODS_ROOT}/Manifest.lock",
			);
			name = "[CP] Check Pods Manifest.lock";
			outputFileListPaths = (
			);
			outputPaths = (
				"$(DERIVED_FILE_DIR)/Pods-WorkArchitecture-checkManifestLockResult.txt",
			);
			runOnlyForDeploymentPostprocessing = 0;
			shellPath = /bin/sh;
			shellScript = "diff \"${PODS_PODFILE_DIR_PATH}/Podfile.lock\" \"${PODS_ROOT}/Manifest.lock\" > /dev/null\nif [ $? != 0 ] ; then\n    # print error to STDERR\n    echo \"error: The sandbox is not in sync with the Podfile.lock. Run 'pod install' or update your CocoaPods installation.\" >&2\n    exit 1\nfi\n# This output is used by Xcode 'outputs' to avoid re-running this script phase.\necho \"SUCCESS\" > \"${SCRIPT_OUTPUT_FILE_0}\"\n";
			showEnvVarsInLog = 0;
		};
		6311634F99A4B47BE23CA2E9 /* [CP] Embed Pods Frameworks */ = {
			isa = PBXShellScriptBuildPhase;
			buildActionMask = 2147483647;
			files = (
			);
			inputFileListPaths = (
				"${PODS_ROOT}/Target Support Files/Pods-WorkArchitectureTests/Pods-WorkArchitectureTests-frameworks-${CONFIGURATION}-input-files.xcfilelist",
			);
			name = "[CP] Embed Pods Frameworks";
			outputFileListPaths = (
				"${PODS_ROOT}/Target Support Files/Pods-WorkArchitectureTests/Pods-WorkArchitectureTests-frameworks-${CONFIGURATION}-output-files.xcfilelist",
			);
			runOnlyForDeploymentPostprocessing = 0;
			shellPath = /bin/sh;
			shellScript = "\"${PODS_ROOT}/Target Support Files/Pods-WorkArchitectureTests/Pods-WorkArchitectureTests-frameworks.sh\"\n";
			showEnvVarsInLog = 0;
		};
		7D373D3F92D7A413E4799459 /* [CP] Embed Pods Frameworks */ = {
			isa = PBXShellScriptBuildPhase;
			buildActionMask = 2147483647;
			files = (
			);
			inputFileListPaths = (
				"${PODS_ROOT}/Target Support Files/Pods-WorkArchitecture/Pods-WorkArchitecture-frameworks-${CONFIGURATION}-input-files.xcfilelist",
			);
			name = "[CP] Embed Pods Frameworks";
			outputFileListPaths = (
				"${PODS_ROOT}/Target Support Files/Pods-WorkArchitecture/Pods-WorkArchitecture-frameworks-${CONFIGURATION}-output-files.xcfilelist",
			);
			runOnlyForDeploymentPostprocessing = 0;
			shellPath = /bin/sh;
			shellScript = "\"${PODS_ROOT}/Target Support Files/Pods-WorkArchitecture/Pods-WorkArchitecture-frameworks.sh\"\n";
			showEnvVarsInLog = 0;
		};
/* End PBXShellScriptBuildPhase section */

/* Begin PBXSourcesBuildPhase section */
		4BBABE3723D67292008AA000 /* Sources */ = {
			isa = PBXSourcesBuildPhase;
			buildActionMask = 2147483647;
			files = (
				4BADF64C23D67774007A21E6 /* ContrastCheckRepository.swift in Sources */,
				4B5B9E2823DC8CD600F51068 /* ResultViewModel.swift in Sources */,
				4BADF64923D67750007A21E6 /* ContrastCheckInteractor.swift in Sources */,
				4BCADAA523D74E53000ED1F3 /* ResultViewPresenter.swift in Sources */,
				4BBABE4323D67292008AA000 /* ViewController.swift in Sources */,
				4BC9B81E23DACBFD00BE0F99 /* ContrastCheckDomainModel.swift in Sources */,
				4BC9B81A23DA734700BE0F99 /* DIContainer.swift in Sources */,
				4BBABE3F23D67292008AA000 /* AppDelegate.swift in Sources */,
				4BADF65223D6783F007A21E6 /* Router.swift in Sources */,
				4B5B9E2523DC7A0E00F51068 /* AppError.swift in Sources */,
				4BBABE4123D67292008AA000 /* SceneDelegate.swift in Sources */,
				4BBABE6123D674BB008AA000 /* ResultViewController.swift in Sources */,
				4B5B9E2A23E127A600F51068 /* ColorCodeValidateInteractor.swift in Sources */,
				4BCADAA323D74CF0000ED1F3 /* ResultRouter.swift in Sources */,
				4BADF65523D67ED7007A21E6 /* ContrastCheckDataModel.swift in Sources */,
				4BADF64423D67728007A21E6 /* ViewPresenter.swift in Sources */,
			);
			runOnlyForDeploymentPostprocessing = 0;
		};
		4BBABE4D23D67293008AA000 /* Sources */ = {
			isa = PBXSourcesBuildPhase;
			buildActionMask = 2147483647;
			files = (
				4B58C5C523F0F33D0083D21A /* WorkArchitectureSpec.swift in Sources */,
				4BBABE5623D67293008AA000 /* WorkArchitectureTests.swift in Sources */,
				4B9CC2EC23F10EF200E53DC5 /* ContrastCheckInteractorSpec.swift in Sources */,
				4B58C5C823F0F5C00083D21A /* ColorCodeValidateInteractorSpec.swift in Sources */,
			);
			runOnlyForDeploymentPostprocessing = 0;
		};
/* End PBXSourcesBuildPhase section */

/* Begin PBXTargetDependency section */
		4BBABE5323D67293008AA000 /* PBXTargetDependency */ = {
			isa = PBXTargetDependency;
			target = 4BBABE3A23D67292008AA000 /* WorkArchitecture */;
			targetProxy = 4BBABE5223D67293008AA000 /* PBXContainerItemProxy */;
		};
/* End PBXTargetDependency section */

/* Begin PBXVariantGroup section */
		4BBABE4923D67293008AA000 /* LaunchScreen.storyboard */ = {
			isa = PBXVariantGroup;
			children = (
				4BBABE4A23D67293008AA000 /* Base */,
			);
			name = LaunchScreen.storyboard;
			sourceTree = "<group>";
		};
/* End PBXVariantGroup section */

/* Begin XCBuildConfiguration section */
		4BBABE5823D67293008AA000 /* Debug */ = {
			isa = XCBuildConfiguration;
			buildSettings = {
				ALWAYS_SEARCH_USER_PATHS = NO;
				CLANG_ANALYZER_NONNULL = YES;
				CLANG_ANALYZER_NUMBER_OBJECT_CONVERSION = YES_AGGRESSIVE;
				CLANG_CXX_LANGUAGE_STANDARD = "gnu++14";
				CLANG_CXX_LIBRARY = "libc++";
				CLANG_ENABLE_MODULES = YES;
				CLANG_ENABLE_OBJC_ARC = YES;
				CLANG_ENABLE_OBJC_WEAK = YES;
				CLANG_WARN_BLOCK_CAPTURE_AUTORELEASING = YES;
				CLANG_WARN_BOOL_CONVERSION = YES;
				CLANG_WARN_COMMA = YES;
				CLANG_WARN_CONSTANT_CONVERSION = YES;
				CLANG_WARN_DEPRECATED_OBJC_IMPLEMENTATIONS = YES;
				CLANG_WARN_DIRECT_OBJC_ISA_USAGE = YES_ERROR;
				CLANG_WARN_DOCUMENTATION_COMMENTS = YES;
				CLANG_WARN_EMPTY_BODY = YES;
				CLANG_WARN_ENUM_CONVERSION = YES;
				CLANG_WARN_INFINITE_RECURSION = YES;
				CLANG_WARN_INT_CONVERSION = YES;
				CLANG_WARN_NON_LITERAL_NULL_CONVERSION = YES;
				CLANG_WARN_OBJC_IMPLICIT_RETAIN_SELF = YES;
				CLANG_WARN_OBJC_LITERAL_CONVERSION = YES;
				CLANG_WARN_OBJC_ROOT_CLASS = YES_ERROR;
				CLANG_WARN_RANGE_LOOP_ANALYSIS = YES;
				CLANG_WARN_STRICT_PROTOTYPES = YES;
				CLANG_WARN_SUSPICIOUS_MOVE = YES;
				CLANG_WARN_UNGUARDED_AVAILABILITY = YES_AGGRESSIVE;
				CLANG_WARN_UNREACHABLE_CODE = YES;
				CLANG_WARN__DUPLICATE_METHOD_MATCH = YES;
				COPY_PHASE_STRIP = NO;
				DEBUG_INFORMATION_FORMAT = dwarf;
				ENABLE_STRICT_OBJC_MSGSEND = YES;
				ENABLE_TESTABILITY = YES;
				GCC_C_LANGUAGE_STANDARD = gnu11;
				GCC_DYNAMIC_NO_PIC = NO;
				GCC_NO_COMMON_BLOCKS = YES;
				GCC_OPTIMIZATION_LEVEL = 0;
				GCC_PREPROCESSOR_DEFINITIONS = (
					"DEBUG=1",
					"$(inherited)",
				);
				GCC_WARN_64_TO_32_BIT_CONVERSION = YES;
				GCC_WARN_ABOUT_RETURN_TYPE = YES_ERROR;
				GCC_WARN_UNDECLARED_SELECTOR = YES;
				GCC_WARN_UNINITIALIZED_AUTOS = YES_AGGRESSIVE;
				GCC_WARN_UNUSED_FUNCTION = YES;
				GCC_WARN_UNUSED_VARIABLE = YES;
				IPHONEOS_DEPLOYMENT_TARGET = 13.1;
				MTL_ENABLE_DEBUG_INFO = INCLUDE_SOURCE;
				MTL_FAST_MATH = YES;
				ONLY_ACTIVE_ARCH = YES;
				SDKROOT = iphoneos;
				SWIFT_ACTIVE_COMPILATION_CONDITIONS = DEBUG;
				SWIFT_OPTIMIZATION_LEVEL = "-Onone";
			};
			name = Debug;
		};
		4BBABE5923D67293008AA000 /* Release */ = {
			isa = XCBuildConfiguration;
			buildSettings = {
				ALWAYS_SEARCH_USER_PATHS = NO;
				CLANG_ANALYZER_NONNULL = YES;
				CLANG_ANALYZER_NUMBER_OBJECT_CONVERSION = YES_AGGRESSIVE;
				CLANG_CXX_LANGUAGE_STANDARD = "gnu++14";
				CLANG_CXX_LIBRARY = "libc++";
				CLANG_ENABLE_MODULES = YES;
				CLANG_ENABLE_OBJC_ARC = YES;
				CLANG_ENABLE_OBJC_WEAK = YES;
				CLANG_WARN_BLOCK_CAPTURE_AUTORELEASING = YES;
				CLANG_WARN_BOOL_CONVERSION = YES;
				CLANG_WARN_COMMA = YES;
				CLANG_WARN_CONSTANT_CONVERSION = YES;
				CLANG_WARN_DEPRECATED_OBJC_IMPLEMENTATIONS = YES;
				CLANG_WARN_DIRECT_OBJC_ISA_USAGE = YES_ERROR;
				CLANG_WARN_DOCUMENTATION_COMMENTS = YES;
				CLANG_WARN_EMPTY_BODY = YES;
				CLANG_WARN_ENUM_CONVERSION = YES;
				CLANG_WARN_INFINITE_RECURSION = YES;
				CLANG_WARN_INT_CONVERSION = YES;
				CLANG_WARN_NON_LITERAL_NULL_CONVERSION = YES;
				CLANG_WARN_OBJC_IMPLICIT_RETAIN_SELF = YES;
				CLANG_WARN_OBJC_LITERAL_CONVERSION = YES;
				CLANG_WARN_OBJC_ROOT_CLASS = YES_ERROR;
				CLANG_WARN_RANGE_LOOP_ANALYSIS = YES;
				CLANG_WARN_STRICT_PROTOTYPES = YES;
				CLANG_WARN_SUSPICIOUS_MOVE = YES;
				CLANG_WARN_UNGUARDED_AVAILABILITY = YES_AGGRESSIVE;
				CLANG_WARN_UNREACHABLE_CODE = YES;
				CLANG_WARN__DUPLICATE_METHOD_MATCH = YES;
				COPY_PHASE_STRIP = NO;
				DEBUG_INFORMATION_FORMAT = "dwarf-with-dsym";
				ENABLE_NS_ASSERTIONS = NO;
				ENABLE_STRICT_OBJC_MSGSEND = YES;
				GCC_C_LANGUAGE_STANDARD = gnu11;
				GCC_NO_COMMON_BLOCKS = YES;
				GCC_WARN_64_TO_32_BIT_CONVERSION = YES;
				GCC_WARN_ABOUT_RETURN_TYPE = YES_ERROR;
				GCC_WARN_UNDECLARED_SELECTOR = YES;
				GCC_WARN_UNINITIALIZED_AUTOS = YES_AGGRESSIVE;
				GCC_WARN_UNUSED_FUNCTION = YES;
				GCC_WARN_UNUSED_VARIABLE = YES;
				IPHONEOS_DEPLOYMENT_TARGET = 13.1;
				MTL_ENABLE_DEBUG_INFO = NO;
				MTL_FAST_MATH = YES;
				SDKROOT = iphoneos;
				SWIFT_COMPILATION_MODE = wholemodule;
				SWIFT_OPTIMIZATION_LEVEL = "-O";
				VALIDATE_PRODUCT = YES;
			};
			name = Release;
		};
		4BBABE5B23D67293008AA000 /* Debug */ = {
			isa = XCBuildConfiguration;
			baseConfigurationReference = 28AE640DD1F04589F8D8C8F4 /* Pods-WorkArchitecture.debug.xcconfig */;
			buildSettings = {
				ASSETCATALOG_COMPILER_APPICON_NAME = AppIcon;
				CODE_SIGN_STYLE = Automatic;
				DEVELOPMENT_TEAM = BJ3PURXFQ5;
				INFOPLIST_FILE = WorkArchitecture/Info.plist;
				IPHONEOS_DEPLOYMENT_TARGET = 12.0;
				LD_RUNPATH_SEARCH_PATHS = (
					"$(inherited)",
					"@executable_path/Frameworks",
				);
				PRODUCT_BUNDLE_IDENTIFIER = jp.zeero.WorkArchitecture;
				PRODUCT_NAME = "$(TARGET_NAME)";
				SWIFT_VERSION = 5.0;
				TARGETED_DEVICE_FAMILY = "1,2";
			};
			name = Debug;
		};
		4BBABE5C23D67293008AA000 /* Release */ = {
			isa = XCBuildConfiguration;
			baseConfigurationReference = 43C42AE94A20F33FC0B2ED15 /* Pods-WorkArchitecture.release.xcconfig */;
			buildSettings = {
				ASSETCATALOG_COMPILER_APPICON_NAME = AppIcon;
				CODE_SIGN_STYLE = Automatic;
				DEVELOPMENT_TEAM = BJ3PURXFQ5;
				INFOPLIST_FILE = WorkArchitecture/Info.plist;
				IPHONEOS_DEPLOYMENT_TARGET = 12.0;
				LD_RUNPATH_SEARCH_PATHS = (
					"$(inherited)",
					"@executable_path/Frameworks",
				);
				PRODUCT_BUNDLE_IDENTIFIER = jp.zeero.WorkArchitecture;
				PRODUCT_NAME = "$(TARGET_NAME)";
				SWIFT_VERSION = 5.0;
				TARGETED_DEVICE_FAMILY = "1,2";
			};
			name = Release;
		};
		4BBABE5E23D67293008AA000 /* Debug */ = {
			isa = XCBuildConfiguration;
			baseConfigurationReference = AC3A8ACC021B3F7064403038 /* Pods-WorkArchitectureTests.debug.xcconfig */;
			buildSettings = {
				ALWAYS_EMBED_SWIFT_STANDARD_LIBRARIES = YES;
				BUNDLE_LOADER = "$(TEST_HOST)";
				CODE_SIGN_STYLE = Automatic;
				DEVELOPMENT_TEAM = BJ3PURXFQ5;
				INFOPLIST_FILE = WorkArchitectureTests/Info.plist;
				IPHONEOS_DEPLOYMENT_TARGET = 13.1;
				LD_RUNPATH_SEARCH_PATHS = (
					"$(inherited)",
					"@executable_path/Frameworks",
					"@loader_path/Frameworks",
				);
				PRODUCT_BUNDLE_IDENTIFIER = jp.zeero.WorkArchitectureTests;
				PRODUCT_NAME = "$(TARGET_NAME)";
				SWIFT_VERSION = 5.0;
				TARGETED_DEVICE_FAMILY = "1,2";
				TEST_HOST = "$(BUILT_PRODUCTS_DIR)/WorkArchitecture.app/WorkArchitecture";
			};
			name = Debug;
		};
		4BBABE5F23D67293008AA000 /* Release */ = {
			isa = XCBuildConfiguration;
			baseConfigurationReference = 6E5505678B93C80F3736B672 /* Pods-WorkArchitectureTests.release.xcconfig */;
			buildSettings = {
				ALWAYS_EMBED_SWIFT_STANDARD_LIBRARIES = YES;
				BUNDLE_LOADER = "$(TEST_HOST)";
				CODE_SIGN_STYLE = Automatic;
				DEVELOPMENT_TEAM = BJ3PURXFQ5;
				INFOPLIST_FILE = WorkArchitectureTests/Info.plist;
				IPHONEOS_DEPLOYMENT_TARGET = 13.1;
				LD_RUNPATH_SEARCH_PATHS = (
					"$(inherited)",
					"@executable_path/Frameworks",
					"@loader_path/Frameworks",
				);
				PRODUCT_BUNDLE_IDENTIFIER = jp.zeero.WorkArchitectureTests;
				PRODUCT_NAME = "$(TARGET_NAME)";
				SWIFT_VERSION = 5.0;
				TARGETED_DEVICE_FAMILY = "1,2";
				TEST_HOST = "$(BUILT_PRODUCTS_DIR)/WorkArchitecture.app/WorkArchitecture";
			};
			name = Release;
		};
/* End XCBuildConfiguration section */

/* Begin XCConfigurationList section */
		4BBABE3623D67292008AA000 /* Build configuration list for PBXProject "WorkArchitecture" */ = {
			isa = XCConfigurationList;
			buildConfigurations = (
				4BBABE5823D67293008AA000 /* Debug */,
				4BBABE5923D67293008AA000 /* Release */,
			);
			defaultConfigurationIsVisible = 0;
			defaultConfigurationName = Release;
		};
		4BBABE5A23D67293008AA000 /* Build configuration list for PBXNativeTarget "WorkArchitecture" */ = {
			isa = XCConfigurationList;
			buildConfigurations = (
				4BBABE5B23D67293008AA000 /* Debug */,
				4BBABE5C23D67293008AA000 /* Release */,
			);
			defaultConfigurationIsVisible = 0;
			defaultConfigurationName = Release;
		};
		4BBABE5D23D67293008AA000 /* Build configuration list for PBXNativeTarget "WorkArchitectureTests" */ = {
			isa = XCConfigurationList;
			buildConfigurations = (
				4BBABE5E23D67293008AA000 /* Debug */,
				4BBABE5F23D67293008AA000 /* Release */,
			);
			defaultConfigurationIsVisible = 0;
			defaultConfigurationName = Release;
		};
/* End XCConfigurationList section */
	};
	rootObject = 4BBABE3323D67292008AA000 /* Project object */;
}
